{
  "version": 4,
  "terraform_version": "1.11.2",
  "serial": 30,
  "lineage": "1e584c60-9606-962e-f50d-5cc930a523b6",
  "outputs": {
    "codedeploy_app_name": {
      "value": "istory-app",
      "type": "string"
    },
    "codedeploy_deployment_group_name": {
      "value": "istory-deploy-group",
      "type": "string"
    },
    "dev_istory_nginx_instance_public_ip": {
      "value": "3.38.213.233",
      "type": "string"
    },
    "istory-deploy-bucket_name": {
      "value": "istory-deploy-bucket-537124981278",
      "type": "string"
    },
    "rds_database_name": {
      "value": "istory",
      "type": "string"
    },
    "rds_endpoint": {
      "value": "istory-db.cx2akc0s0o1r.ap-northeast-2.rds.amazonaws.com:3306",
      "type": "string"
    },
    "rds_username": {
      "value": "user",
      "type": "string"
    },
    "ssh_private_key_pem": {
      "value": "-----BEGIN RSA PRIVATE KEY-----\nMIIEpQIBAAKCAQEApTCZlAibp9qc7I5iN6AhYTohA6hY3Bbwg2QAh83o6N55qgvw\nntEBFh7ROnarA//OFjXOPTp+B8WtetFRgXUCgRp7elQpaMRmpZVw4MbbRBfUnNun\nfMZUKme1xJ/MS/rCBQExGzmntj70D7Q2MVUqAoiu6vGfPnVUGN1sppVMFIUJT1Mg\ngfqkyzkIiQnA0NC6i/+/AmebcEeBW7z1W0hkGdhPJBH+kB8Rnxu81ctHKb9JCWyG\nnaf8w1c6XnnVX4V73NCyVCFHx/z96iEbzdBQ9pm0IR3nSGYdcJF6snZYpV8pYRU0\nDXzaWI4CWM4dz6z+yVWLOgV/xPA5iGXB1eluqQIDAQABAoIBAQCTf3/CVKVYDbXM\n6537eToU7KiJ8YnWi40aZPKsUEnFlNEh6yNhS9IihEXiZA9ztLe50TVkKpRaMEIk\nxj52z5n62UCkC/4llCjrdTKjIiyq8nRf0yoMGbMRYiVFekIbHb6cZWIJo0ODUVbv\npsQ07IxkUtOM6U59oJoE0cGwROL39hsAdCgnC7xfXoGTd0lZi2FLwuNEtRBqsVhn\njxFqpeC5v6AKL0SM+CCdm1siZKKD5ICMQDd7NXzyK76bId7h3SokUIHiFDTfU7B1\nKGdJXKcirPOsi5GyLu+e6tBO+ojKxzhAMBXz7AQxWGp6LsynotK6wqPt8WkRBAx7\nZDn0OAEBAoGBAMqwF6FEUHSrHf5KOKhmaWuA09VZJr39CyXOeNyENkXLPPdawCgt\n9NkY9FXBzO87jAmTeSfLRRHG+Hcne+HmkYt/q4cRhCVGPvAxRZAnIkvn7EC4YNUs\nNmBKdpr3myoZJz+kyxLwxl1H0ylIQF1ZlBJJ7qO2dOTnUfO4AnCLNywRAoGBANCj\nl+N146Ou6QPrbkjJpZVpEdxzhYaYcH/gJJ76piukkY2fYLwJsATlDO6tl05Y9xfx\n6NHacL3JpYiOAM2mWETOmK2kUYbUeYUoNUBqZ7UAuwUJftN9zR/uQ51gActMCorr\nnSS5w/iOzEcPYC5X++r1p0na6dhI8VwQ+SeXCREZAoGAEEbp7uJ8j5H6W6R8PlHT\nH3X+DQEW0mUS0xtsq1DWxu4WXErmaZOfORv+6zAgFAo1KcO1FBQH3PCcnX0HPtH0\nWD6NeNBYS2IDxeg/DN+Hqo7acywbYqMlTsBMHA/MXyob88l5IXFCjNUqyQLrYFPE\nR1+2kWEirAtDko3xbDZR3PECgYEA0BaZ4s8tn49P8AzcDdSwRXhpzAmb30Yizidr\n3vP20Ahu82VGQcUXvYoFf/e6tPWeXE91+fd4ApIfezbGLlX+K4IyXN1KQsOf/+K+\nWeTGUozL+pYh3CXYdERbQ5cBsxXAXhXowTxV7I3fx+/Z6d7u7sTbeJnSKVl3AHAd\nUBMfg+ECgYEAg/x/4YntzBiyZI/0BKf3ejLN/Ar+5n+0GL6VRQ1W6m9zBQG8z2MW\nlm4WeM2qOsDU5DGzryf2wRJt6cmfwa0uTAyLmNmcXqGnKpxQXTa6siIDv+bHgWhI\nn0ZnPkhYO+8UsjlNMdZmL4846/WA1h/TijWAZCud9PLyeR0gQdnXahY=\n-----END RSA PRIVATE KEY-----\n",
      "type": "string",
      "sensitive": true
    }
  },
  "resources": [
    {
      "mode": "data",
      "type": "aws_caller_identity",
      "name": "current",
      "provider": "provider[\"registry.terraform.io/hashicorp/aws\"]",
      "instances": [
        {
          "schema_version": 0,
          "attributes": {
            "account_id": "537124981278",
            "arn": "arn:aws:iam::537124981278:user/cicd",
            "id": "537124981278",
            "user_id": "AIDAX2DZEZIPDG3BSBV6Q"
          },
          "sensitive_attributes": []
        }
      ]
    },
    {
      "mode": "managed",
      "type": "aws_codedeploy_app",
      "name": "istory-app",
      "provider": "provider[\"registry.terraform.io/hashicorp/aws\"]",
      "instances": [
        {
          "schema_version": 0,
          "attributes": {
            "application_id": "2bd610db-1ec1-4b70-876a-ca19e252fd54",
            "arn": "arn:aws:codedeploy:ap-northeast-2:537124981278:application:istory-app",
            "compute_platform": "Server",
            "github_account_name": "",
            "id": "2bd610db-1ec1-4b70-876a-ca19e252fd54:istory-app",
            "linked_to_github": false,
            "name": "istory-app",
            "tags": null,
            "tags_all": {}
          },
          "sensitive_attributes": [],
          "private": "bnVsbA=="
        }
      ]
    },
    {
      "mode": "managed",
      "type": "aws_codedeploy_deployment_group",
      "name": "istory-deploy_group",
      "provider": "provider[\"registry.terraform.io/hashicorp/aws\"]",
      "instances": [
        {
          "schema_version": 0,
          "attributes": {
            "alarm_configuration": [],
            "app_name": "istory-app",
            "arn": "arn:aws:codedeploy:ap-northeast-2:537124981278:deploymentgroup:istory-app/istory-deploy-group",
            "auto_rollback_configuration": [
              {
                "enabled": true,
                "events": [
                  "DEPLOYMENT_FAILURE"
                ]
              }
            ],
            "autoscaling_groups": null,
            "blue_green_deployment_config": [],
            "compute_platform": "Server",
            "deployment_config_name": "CodeDeployDefault.OneAtATime",
            "deployment_group_id": "abd5b40d-74f4-43a7-82b3-88365c482100",
            "deployment_group_name": "istory-deploy-group",
            "deployment_style": [
              {
                "deployment_option": "WITHOUT_TRAFFIC_CONTROL",
                "deployment_type": "IN_PLACE"
              }
            ],
            "ec2_tag_filter": [],
            "ec2_tag_set": [
              {
                "ec2_tag_filter": [
                  {
                    "key": "Environment",
                    "type": "KEY_AND_VALUE",
                    "value": "Development"
                  }
                ]
              }
            ],
            "ecs_service": [],
            "id": "abd5b40d-74f4-43a7-82b3-88365c482100",
            "load_balancer_info": [],
            "on_premises_instance_tag_filter": [],
            "outdated_instances_strategy": "UPDATE",
            "service_role_arn": "arn:aws:iam::537124981278:role/CodeDeployServiceRole",
            "tags": null,
            "tags_all": {},
            "termination_hook_enabled": false,
            "trigger_configuration": []
          },
          "sensitive_attributes": [],
          "private": "bnVsbA==",
          "dependencies": [
            "aws_codedeploy_app.istory-app",
            "aws_iam_role.codedeploy_service_role"
          ]
        }
      ]
    },
    {
      "mode": "managed",
      "type": "aws_db_instance",
      "name": "istory_db",
      "provider": "provider[\"registry.terraform.io/hashicorp/aws\"]",
      "instances": [
        {
          "schema_version": 2,
          "attributes": {
            "address": "istory-db.cx2akc0s0o1r.ap-northeast-2.rds.amazonaws.com",
            "allocated_storage": 20,
            "allow_major_version_upgrade": null,
            "apply_immediately": false,
            "arn": "arn:aws:rds:ap-northeast-2:537124981278:db:istory-db",
            "auto_minor_version_upgrade": true,
            "availability_zone": "ap-northeast-2d",
            "backup_retention_period": 7,
            "backup_target": "region",
            "backup_window": "03:00-04:00",
            "blue_green_update": [],
            "ca_cert_identifier": "rds-ca-rsa2048-g1",
            "character_set_name": "",
            "copy_tags_to_snapshot": false,
            "custom_iam_instance_profile": "",
            "customer_owned_ip_enabled": false,
            "database_insights_mode": "standard",
            "db_name": "istory",
            "db_subnet_group_name": "istory-db-subnet-group",
            "dedicated_log_volume": false,
            "delete_automated_backups": true,
            "deletion_protection": false,
            "domain": "",
            "domain_auth_secret_arn": "",
            "domain_dns_ips": null,
            "domain_fqdn": "",
            "domain_iam_role_name": "",
            "domain_ou": "",
            "enabled_cloudwatch_logs_exports": null,
            "endpoint": "istory-db.cx2akc0s0o1r.ap-northeast-2.rds.amazonaws.com:3306",
            "engine": "mysql",
            "engine_lifecycle_support": "open-source-rds-extended-support",
            "engine_version": "8.0",
            "engine_version_actual": "8.0.40",
            "final_snapshot_identifier": null,
            "hosted_zone_id": "ZLA2NUCOLGUUR",
            "iam_database_authentication_enabled": false,
            "id": "db-MEJRVPVRXYMSKNNK5DKYB2QHLU",
            "identifier": "istory-db",
            "identifier_prefix": "",
            "instance_class": "db.t3.micro",
            "iops": 0,
            "kms_key_id": "",
            "latest_restorable_time": "2025-03-22T05:51:17Z",
            "license_model": "general-public-license",
            "listener_endpoint": [],
            "maintenance_window": "mon:04:00-mon:05:00",
            "manage_master_user_password": null,
            "master_user_secret": [],
            "master_user_secret_kms_key_id": null,
            "max_allocated_storage": 0,
            "monitoring_interval": 0,
            "monitoring_role_arn": "",
            "multi_az": false,
            "nchar_character_set_name": "",
            "network_type": "IPV4",
            "option_group_name": "default:mysql-8-0",
            "parameter_group_name": "istory-db-parameter-group",
            "password": "user12345",
            "password_wo": null,
            "password_wo_version": null,
            "performance_insights_enabled": false,
            "performance_insights_kms_key_id": "",
            "performance_insights_retention_period": 0,
            "port": 3306,
            "publicly_accessible": false,
            "replica_mode": "",
            "replicas": [],
            "replicate_source_db": "",
            "resource_id": "db-MEJRVPVRXYMSKNNK5DKYB2QHLU",
            "restore_to_point_in_time": [],
            "s3_import": [],
            "skip_final_snapshot": true,
            "snapshot_identifier": null,
            "status": "available",
            "storage_encrypted": false,
            "storage_throughput": 0,
            "storage_type": "gp2",
            "tags": {
              "Environment": "Development",
              "Name": "istory"
            },
            "tags_all": {
              "Environment": "Development",
              "Name": "istory"
            },
            "timeouts": null,
            "timezone": "",
            "upgrade_storage_config": null,
            "username": "user",
            "vpc_security_group_ids": [
              "sg-08b8cf4bf2e3b6a1c"
            ]
          },
          "sensitive_attributes": [
            [
              {
                "type": "get_attr",
                "value": "password"
              }
            ],
            [
              {
                "type": "get_attr",
                "value": "password_wo"
              }
            ]
          ],
          "private": "eyJlMmJmYjczMC1lY2FhLTExZTYtOGY4OC0zNDM2M2JjN2M0YzAiOnsiY3JlYXRlIjozMDAwMDAwMDAwMDAwLCJkZWxldGUiOjM2MDAwMDAwMDAwMDAsInVwZGF0ZSI6NDgwMDAwMDAwMDAwMH0sInNjaGVtYV92ZXJzaW9uIjoiMiJ9",
          "dependencies": [
            "aws_db_parameter_group.istory_db_parameter_group",
            "aws_db_subnet_group.istory_db_subnet_group",
            "aws_security_group.istory_nginx_sg",
            "aws_security_group.istory_rds_sg",
            "aws_subnet.dangtong-vpc-public-subnet",
            "aws_vpc.dangtong-vpc"
          ]
        }
      ]
    },
    {
      "mode": "managed",
      "type": "aws_db_parameter_group",
      "name": "istory_db_parameter_group",
      "provider": "provider[\"registry.terraform.io/hashicorp/aws\"]",
      "instances": [
        {
          "schema_version": 0,
          "attributes": {
            "arn": "arn:aws:rds:ap-northeast-2:537124981278:pg:istory-db-parameter-group",
            "description": "Managed by Terraform",
            "family": "mysql8.0",
            "id": "istory-db-parameter-group",
            "name": "istory-db-parameter-group",
            "name_prefix": "",
            "parameter": [
              {
                "apply_method": "immediate",
                "name": "character_set_client",
                "value": "utf8mb4"
              },
              {
                "apply_method": "immediate",
                "name": "character_set_server",
                "value": "utf8mb4"
              }
            ],
            "skip_destroy": false,
            "tags": null,
            "tags_all": {}
          },
          "sensitive_attributes": [],
          "private": "bnVsbA=="
        }
      ]
    },
    {
      "mode": "managed",
      "type": "aws_db_subnet_group",
      "name": "istory_db_subnet_group",
      "provider": "provider[\"registry.terraform.io/hashicorp/aws\"]",
      "instances": [
        {
          "schema_version": 0,
          "attributes": {
            "arn": "arn:aws:rds:ap-northeast-2:537124981278:subgrp:istory-db-subnet-group",
            "description": "Managed by Terraform",
            "id": "istory-db-subnet-group",
            "name": "istory-db-subnet-group",
            "name_prefix": "",
            "subnet_ids": [
              "subnet-00bea0078dd0dc35c",
              "subnet-01f98cb46b642618a",
              "subnet-03eef200827f5e6f0",
              "subnet-0837050890b23b67a"
            ],
            "supported_network_types": [
              "IPV4"
            ],
            "tags": {
              "Name": "istory DB subnet group"
            },
            "tags_all": {
              "Name": "istory DB subnet group"
            },
            "vpc_id": "vpc-0a77351137e415b35"
          },
          "sensitive_attributes": [],
          "private": "bnVsbA==",
          "dependencies": [
            "aws_subnet.dangtong-vpc-public-subnet",
            "aws_vpc.dangtong-vpc"
          ]
        }
      ]
    },
    {
      "mode": "managed",
      "type": "aws_iam_instance_profile",
      "name": "ec2_profile",
      "provider": "provider[\"registry.terraform.io/hashicorp/aws\"]",
      "instances": [
        {
          "schema_version": 0,
          "attributes": {
            "arn": "arn:aws:iam::537124981278:instance-profile/EC2CodeDeployProfile",
            "create_date": "2025-03-22T05:46:09Z",
            "id": "EC2CodeDeployProfile",
            "name": "EC2CodeDeployProfile",
            "name_prefix": "",
            "path": "/",
            "role": "EC2CodeDeployRole",
            "tags": null,
            "tags_all": {},
            "unique_id": "AIPAX2DZEZIPA67MUCG6X"
          },
          "sensitive_attributes": [],
          "private": "bnVsbA==",
          "dependencies": [
            "aws_iam_role.ec2_codedeploy_role"
          ]
        }
      ]
    },
    {
      "mode": "managed",
      "type": "aws_iam_role",
      "name": "codedeploy_service_role",
      "provider": "provider[\"registry.terraform.io/hashicorp/aws\"]",
      "instances": [
        {
          "schema_version": 0,
          "attributes": {
            "arn": "arn:aws:iam::537124981278:role/CodeDeployServiceRole",
            "assume_role_policy": "{\"Statement\":[{\"Action\":\"sts:AssumeRole\",\"Effect\":\"Allow\",\"Principal\":{\"Service\":\"codedeploy.amazonaws.com\"}}],\"Version\":\"2012-10-17\"}",
            "create_date": "2025-03-22T05:46:08Z",
            "description": "",
            "force_detach_policies": false,
            "id": "CodeDeployServiceRole",
            "inline_policy": [],
            "managed_policy_arns": [],
            "max_session_duration": 3600,
            "name": "CodeDeployServiceRole",
            "name_prefix": "",
            "path": "/",
            "permissions_boundary": "",
            "tags": {
              "Name": "codedeploy-service-role"
            },
            "tags_all": {
              "Name": "codedeploy-service-role"
            },
            "unique_id": "AROAX2DZEZIPOJ5XED4PU"
          },
          "sensitive_attributes": [],
          "private": "bnVsbA=="
        }
      ]
    },
    {
      "mode": "managed",
      "type": "aws_iam_role",
      "name": "ec2_codedeploy_role",
      "provider": "provider[\"registry.terraform.io/hashicorp/aws\"]",
      "instances": [
        {
          "schema_version": 0,
          "attributes": {
            "arn": "arn:aws:iam::537124981278:role/EC2CodeDeployRole",
            "assume_role_policy": "{\"Statement\":[{\"Action\":\"sts:AssumeRole\",\"Effect\":\"Allow\",\"Principal\":{\"Service\":\"ec2.amazonaws.com\"}}],\"Version\":\"2012-10-17\"}",
            "create_date": "2025-03-22T05:46:08Z",
            "description": "",
            "force_detach_policies": false,
            "id": "EC2CodeDeployRole",
            "inline_policy": [],
            "managed_policy_arns": [],
            "max_session_duration": 3600,
            "name": "EC2CodeDeployRole",
            "name_prefix": "",
            "path": "/",
            "permissions_boundary": "",
            "tags": {
              "Name": "ec2-codedeploy-role"
            },
            "tags_all": {
              "Name": "ec2-codedeploy-role"
            },
            "unique_id": "AROAX2DZEZIPJN4ORDLJN"
          },
          "sensitive_attributes": [],
          "private": "bnVsbA=="
        }
      ]
    },
    {
      "mode": "managed",
      "type": "aws_iam_role_policy_attachment",
      "name": "codedeploy_service",
      "provider": "provider[\"registry.terraform.io/hashicorp/aws\"]",
      "instances": [
        {
          "schema_version": 0,
          "attributes": {
            "id": "CodeDeployServiceRole-20250322054609516300000003",
            "policy_arn": "arn:aws:iam::aws:policy/service-role/AWSCodeDeployRole",
            "role": "CodeDeployServiceRole"
          },
          "sensitive_attributes": [],
          "private": "bnVsbA==",
          "dependencies": [
            "aws_iam_role.codedeploy_service_role"
          ]
        }
      ]
    },
    {
      "mode": "managed",
      "type": "aws_iam_role_policy_attachment",
      "name": "ec2_codedeploy",
      "provider": "provider[\"registry.terraform.io/hashicorp/aws\"]",
      "instances": [
        {
          "schema_version": 0,
          "attributes": {
            "id": "EC2CodeDeployRole-20250322054609273000000002",
            "policy_arn": "arn:aws:iam::aws:policy/service-role/AWSCodeDeployRole",
            "role": "EC2CodeDeployRole"
          },
          "sensitive_attributes": [],
          "private": "bnVsbA==",
          "dependencies": [
            "aws_iam_role.ec2_codedeploy_role"
          ]
        }
      ]
    },
    {
      "mode": "managed",
      "type": "aws_iam_role_policy_attachment",
      "name": "ec2_codedeploy_s3",
      "provider": "provider[\"registry.terraform.io/hashicorp/aws\"]",
      "instances": [
        {
          "schema_version": 0,
          "attributes": {
            "id": "EC2CodeDeployRole-20250322054609256400000001",
            "policy_arn": "arn:aws:iam::aws:policy/AmazonS3ReadOnlyAccess",
            "role": "EC2CodeDeployRole"
          },
          "sensitive_attributes": [],
          "private": "bnVsbA==",
          "dependencies": [
            "aws_iam_role.ec2_codedeploy_role"
          ]
        }
      ]
    },
    {
      "mode": "managed",
      "type": "aws_instance",
      "name": "dev_istory_nginx_instance",
      "provider": "provider[\"registry.terraform.io/hashicorp/aws\"]",
      "instances": [
        {
          "schema_version": 1,
          "attributes": {
            "ami": "ami-08b09b6acd8d62254",
            "arn": "arn:aws:ec2:ap-northeast-2:537124981278:instance/i-063226a08420eac77",
            "associate_public_ip_address": true,
            "availability_zone": "ap-northeast-2a",
            "capacity_reservation_specification": [
              {
                "capacity_reservation_preference": "open",
                "capacity_reservation_target": []
              }
            ],
            "cpu_core_count": 1,
            "cpu_options": [
              {
                "amd_sev_snp": "",
                "core_count": 1,
                "threads_per_core": 1
              }
            ],
            "cpu_threads_per_core": 1,
            "credit_specification": [
              {
                "cpu_credits": "standard"
              }
            ],
            "disable_api_stop": false,
            "disable_api_termination": false,
            "ebs_block_device": [],
            "ebs_optimized": false,
            "enable_primary_ipv6": null,
            "enclave_options": [
              {
                "enabled": false
              }
            ],
            "ephemeral_block_device": [],
            "get_password_data": false,
            "hibernation": false,
            "host_id": "",
            "host_resource_group_arn": null,
            "iam_instance_profile": "EC2CodeDeployProfile",
            "id": "i-063226a08420eac77",
            "instance_initiated_shutdown_behavior": "stop",
            "instance_lifecycle": "",
            "instance_market_options": [],
            "instance_state": "running",
            "instance_type": "t2.micro",
            "ipv6_address_count": 0,
            "ipv6_addresses": [],
            "key_name": "ec2-key_pair",
            "launch_template": [],
            "maintenance_options": [
              {
                "auto_recovery": "default"
              }
            ],
            "metadata_options": [
              {
                "http_endpoint": "enabled",
                "http_protocol_ipv6": "disabled",
                "http_put_response_hop_limit": 1,
                "http_tokens": "optional",
                "instance_metadata_tags": "disabled"
              }
            ],
            "monitoring": false,
            "network_interface": [],
            "outpost_arn": "",
            "password_data": "",
            "placement_group": "",
            "placement_partition_number": 0,
            "primary_network_interface_id": "eni-09a8a6f7c5856eaaf",
            "private_dns": "ip-10-0-1-134.ap-northeast-2.compute.internal",
            "private_dns_name_options": [
              {
                "enable_resource_name_dns_a_record": false,
                "enable_resource_name_dns_aaaa_record": false,
                "hostname_type": "ip-name"
              }
            ],
            "private_ip": "10.0.1.134",
            "public_dns": "ec2-3-38-213-233.ap-northeast-2.compute.amazonaws.com",
            "public_ip": "3.38.213.233",
            "root_block_device": [
              {
                "delete_on_termination": true,
                "device_name": "/dev/xvda",
                "encrypted": false,
                "iops": 100,
                "kms_key_id": "",
                "tags": {},
                "tags_all": {},
                "throughput": 0,
                "volume_id": "vol-0a0c56bea657d667c",
                "volume_size": 8,
                "volume_type": "gp2"
              }
            ],
            "secondary_private_ips": [],
            "security_groups": [],
            "source_dest_check": true,
            "spot_instance_request_id": "",
            "subnet_id": "subnet-00bea0078dd0dc35c",
            "tags": {
              "Environment": "Development",
              "Name": "istory nginx-server"
            },
            "tags_all": {
              "Environment": "Development",
              "Name": "istory nginx-server"
            },
            "tenancy": "default",
            "timeouts": null,
            "user_data": "89573fc17c6928260a1ff3340398cee177fd96f0",
            "user_data_base64": null,
            "user_data_replace_on_change": false,
            "volume_tags": null,
            "vpc_security_group_ids": [
              "sg-001977cdb36652206"
            ]
          },
          "sensitive_attributes": [],
          "private": "eyJlMmJmYjczMC1lY2FhLTExZTYtOGY4OC0zNDM2M2JjN2M0YzAiOnsiY3JlYXRlIjo2MDAwMDAwMDAwMDAsImRlbGV0ZSI6MTIwMDAwMDAwMDAwMCwicmVhZCI6OTAwMDAwMDAwMDAwLCJ1cGRhdGUiOjYwMDAwMDAwMDAwMH0sInNjaGVtYV92ZXJzaW9uIjoiMSJ9",
          "dependencies": [
            "aws_iam_instance_profile.ec2_profile",
            "aws_iam_role.ec2_codedeploy_role",
            "aws_key_pair.ec2_key_pair",
            "aws_security_group.istory_nginx_sg",
            "aws_subnet.dangtong-vpc-public-subnet",
            "aws_vpc.dangtong-vpc",
            "tls_private_key.ec2_private_key"
          ]
        }
      ]
    },
    {
      "mode": "managed",
      "type": "aws_internet_gateway",
      "name": "dangtong-igw",
      "provider": "provider[\"registry.terraform.io/hashicorp/aws\"]",
      "instances": [
        {
          "schema_version": 0,
          "attributes": {
            "arn": "arn:aws:ec2:ap-northeast-2:537124981278:internet-gateway/igw-06414744a67aa0969",
            "id": "igw-06414744a67aa0969",
            "owner_id": "537124981278",
            "tags": {
              "Name": "dangtong-igw"
            },
            "tags_all": {
              "Name": "dangtong-igw"
            },
            "timeouts": null,
            "vpc_id": "vpc-0a77351137e415b35"
          },
          "sensitive_attributes": [],
          "private": "eyJlMmJmYjczMC1lY2FhLTExZTYtOGY4OC0zNDM2M2JjN2M0YzAiOnsiY3JlYXRlIjoxMjAwMDAwMDAwMDAwLCJkZWxldGUiOjEyMDAwMDAwMDAwMDAsInVwZGF0ZSI6MTIwMDAwMDAwMDAwMH19",
          "dependencies": [
            "aws_vpc.dangtong-vpc"
          ]
        }
      ]
    },
    {
      "mode": "managed",
      "type": "aws_key_pair",
      "name": "ec2_key_pair",
      "provider": "provider[\"registry.terraform.io/hashicorp/aws\"]",
      "instances": [
        {
          "schema_version": 1,
          "attributes": {
            "arn": "arn:aws:ec2:ap-northeast-2:537124981278:key-pair/ec2-key_pair",
            "fingerprint": "b6:58:fb:05:d8:6a:22:12:a8:81:0e:21:20:0f:67:1f",
            "id": "ec2-key_pair",
            "key_name": "ec2-key_pair",
            "key_name_prefix": "",
            "key_pair_id": "key-0224567636897f5f0",
            "key_type": "rsa",
            "public_key": "ssh-rsa AAAAB3NzaC1yc2EAAAADAQABAAABAQClMJmUCJun2pzsjmI3oCFhOiEDqFjcFvCDZACHzejo3nmqC/Ce0QEWHtE6dqsD/84WNc49On4Hxa160VGBdQKBGnt6VCloxGallXDgxttEF9Sc26d8xlQqZ7XEn8xL+sIFATEbOae2PvQPtDYxVSoCiK7q8Z8+dVQY3WymlUwUhQlPUyCB+qTLOQiJCcDQ0LqL/78CZ5twR4FbvPVbSGQZ2E8kEf6QHxGfG7zVy0cpv0kJbIadp/zDVzpeedVfhXvc0LJUIUfH/P3qIRvN0FD2mbQhHedIZh1wkXqydlilXylhFTQNfNpYjgJYzh3PrP7JVYs6BX/E8DmIZcHV6W6p",
            "tags": null,
            "tags_all": {}
          },
          "sensitive_attributes": [],
          "private": "eyJzY2hlbWFfdmVyc2lvbiI6IjEifQ==",
          "dependencies": [
            "tls_private_key.ec2_private_key"
          ]
        }
      ]
    },
    {
      "mode": "managed",
      "type": "aws_route_table",
      "name": "dangtong-vpc-public-rt",
      "provider": "provider[\"registry.terraform.io/hashicorp/aws\"]",
      "instances": [
        {
          "schema_version": 0,
          "attributes": {
            "arn": "arn:aws:ec2:ap-northeast-2:537124981278:route-table/rtb-0560d3da60e41712d",
            "id": "rtb-0560d3da60e41712d",
            "owner_id": "537124981278",
            "propagating_vgws": [],
            "route": [
              {
                "carrier_gateway_id": "",
                "cidr_block": "0.0.0.0/0",
                "core_network_arn": "",
                "destination_prefix_list_id": "",
                "egress_only_gateway_id": "",
                "gateway_id": "igw-06414744a67aa0969",
                "ipv6_cidr_block": "",
                "local_gateway_id": "",
                "nat_gateway_id": "",
                "network_interface_id": "",
                "transit_gateway_id": "",
                "vpc_endpoint_id": "",
                "vpc_peering_connection_id": ""
              }
            ],
            "tags": {
              "Name": "dangtong-vpc-public-rt"
            },
            "tags_all": {
              "Name": "dangtong-vpc-public-rt"
            },
            "timeouts": null,
            "vpc_id": "vpc-0a77351137e415b35"
          },
          "sensitive_attributes": [],
          "private": "eyJlMmJmYjczMC1lY2FhLTExZTYtOGY4OC0zNDM2M2JjN2M0YzAiOnsiY3JlYXRlIjozMDAwMDAwMDAwMDAsImRlbGV0ZSI6MzAwMDAwMDAwMDAwLCJ1cGRhdGUiOjEyMDAwMDAwMDAwMH19",
          "dependencies": [
            "aws_internet_gateway.dangtong-igw",
            "aws_vpc.dangtong-vpc"
          ]
        }
      ]
    },
    {
      "mode": "managed",
      "type": "aws_route_table_association",
      "name": "dangtong-vpc-public-rt",
      "provider": "provider[\"registry.terraform.io/hashicorp/aws\"]",
      "instances": [
        {
          "index_key": "a",
          "schema_version": 0,
          "attributes": {
            "gateway_id": "",
            "id": "rtbassoc-0943ef8ecb3ff7c56",
            "route_table_id": "rtb-0560d3da60e41712d",
            "subnet_id": "subnet-00bea0078dd0dc35c",
            "timeouts": null
          },
          "sensitive_attributes": [],
          "private": "eyJlMmJmYjczMC1lY2FhLTExZTYtOGY4OC0zNDM2M2JjN2M0YzAiOnsiY3JlYXRlIjozMDAwMDAwMDAwMDAsImRlbGV0ZSI6MzAwMDAwMDAwMDAwLCJ1cGRhdGUiOjEyMDAwMDAwMDAwMH19",
          "dependencies": [
            "aws_internet_gateway.dangtong-igw",
            "aws_route_table.dangtong-vpc-public-rt",
            "aws_subnet.dangtong-vpc-public-subnet",
            "aws_vpc.dangtong-vpc"
          ]
        },
        {
          "index_key": "b",
          "schema_version": 0,
          "attributes": {
            "gateway_id": "",
            "id": "rtbassoc-058714fc263086629",
            "route_table_id": "rtb-0560d3da60e41712d",
            "subnet_id": "subnet-03eef200827f5e6f0",
            "timeouts": null
          },
          "sensitive_attributes": [],
          "private": "eyJlMmJmYjczMC1lY2FhLTExZTYtOGY4OC0zNDM2M2JjN2M0YzAiOnsiY3JlYXRlIjozMDAwMDAwMDAwMDAsImRlbGV0ZSI6MzAwMDAwMDAwMDAwLCJ1cGRhdGUiOjEyMDAwMDAwMDAwMH19",
          "dependencies": [
            "aws_internet_gateway.dangtong-igw",
            "aws_route_table.dangtong-vpc-public-rt",
            "aws_subnet.dangtong-vpc-public-subnet",
            "aws_vpc.dangtong-vpc"
          ]
        },
        {
          "index_key": "c",
          "schema_version": 0,
          "attributes": {
            "gateway_id": "",
            "id": "rtbassoc-0c5512dd52a2e4669",
            "route_table_id": "rtb-0560d3da60e41712d",
            "subnet_id": "subnet-01f98cb46b642618a",
            "timeouts": null
          },
          "sensitive_attributes": [],
          "private": "eyJlMmJmYjczMC1lY2FhLTExZTYtOGY4OC0zNDM2M2JjN2M0YzAiOnsiY3JlYXRlIjozMDAwMDAwMDAwMDAsImRlbGV0ZSI6MzAwMDAwMDAwMDAwLCJ1cGRhdGUiOjEyMDAwMDAwMDAwMH19",
          "dependencies": [
            "aws_internet_gateway.dangtong-igw",
            "aws_route_table.dangtong-vpc-public-rt",
            "aws_subnet.dangtong-vpc-public-subnet",
            "aws_vpc.dangtong-vpc"
          ]
        },
        {
          "index_key": "d",
          "schema_version": 0,
          "attributes": {
            "gateway_id": "",
            "id": "rtbassoc-09c32ba9b93b69b34",
            "route_table_id": "rtb-0560d3da60e41712d",
            "subnet_id": "subnet-0837050890b23b67a",
            "timeouts": null
          },
          "sensitive_attributes": [],
          "private": "eyJlMmJmYjczMC1lY2FhLTExZTYtOGY4OC0zNDM2M2JjN2M0YzAiOnsiY3JlYXRlIjozMDAwMDAwMDAwMDAsImRlbGV0ZSI6MzAwMDAwMDAwMDAwLCJ1cGRhdGUiOjEyMDAwMDAwMDAwMH19",
          "dependencies": [
            "aws_internet_gateway.dangtong-igw",
            "aws_route_table.dangtong-vpc-public-rt",
            "aws_subnet.dangtong-vpc-public-subnet",
            "aws_vpc.dangtong-vpc"
          ]
        }
      ]
    },
    {
      "mode": "managed",
      "type": "aws_s3_bucket",
      "name": "istory-deploy-bucket",
      "provider": "provider[\"registry.terraform.io/hashicorp/aws\"]",
      "instances": [
        {
          "schema_version": 0,
          "attributes": {
            "acceleration_status": "",
            "acl": null,
            "arn": "arn:aws:s3:::istory-deploy-bucket-537124981278",
            "bucket": "istory-deploy-bucket-537124981278",
            "bucket_domain_name": "istory-deploy-bucket-537124981278.s3.amazonaws.com",
            "bucket_prefix": "",
            "bucket_regional_domain_name": "istory-deploy-bucket-537124981278.s3.ap-northeast-2.amazonaws.com",
            "cors_rule": [],
            "force_destroy": false,
            "grant": [
              {
                "id": "82f4f1e51f42661b27ca533db9c7e7029856885e6d0b4999204ce8b4c76285d5",
                "permissions": [
                  "FULL_CONTROL"
                ],
                "type": "CanonicalUser",
                "uri": ""
              }
            ],
            "hosted_zone_id": "Z3W03O7B5YMIYP",
            "id": "istory-deploy-bucket-537124981278",
            "lifecycle_rule": [],
            "logging": [],
            "object_lock_configuration": [],
            "object_lock_enabled": false,
            "policy": "",
            "region": "ap-northeast-2",
            "replication_configuration": [],
            "request_payer": "BucketOwner",
            "server_side_encryption_configuration": [
              {
                "rule": [
                  {
                    "apply_server_side_encryption_by_default": [
                      {
                        "kms_master_key_id": "",
                        "sse_algorithm": "AES256"
                      }
                    ],
                    "bucket_key_enabled": false
                  }
                ]
              }
            ],
            "tags": null,
            "tags_all": {},
            "timeouts": null,
            "versioning": [
              {
                "enabled": false,
                "mfa_delete": false
              }
            ],
            "website": [],
            "website_domain": null,
            "website_endpoint": null
          },
          "sensitive_attributes": [],
          "private": "eyJlMmJmYjczMC1lY2FhLTExZTYtOGY4OC0zNDM2M2JjN2M0YzAiOnsiY3JlYXRlIjoxMjAwMDAwMDAwMDAwLCJkZWxldGUiOjM2MDAwMDAwMDAwMDAsInJlYWQiOjEyMDAwMDAwMDAwMDAsInVwZGF0ZSI6MTIwMDAwMDAwMDAwMH19",
          "dependencies": [
            "data.aws_caller_identity.current"
          ]
        }
      ]
    },
    {
      "mode": "managed",
      "type": "aws_s3_bucket_versioning",
      "name": "deploy_bucket_versioning",
      "provider": "provider[\"registry.terraform.io/hashicorp/aws\"]",
      "instances": [
        {
          "schema_version": 0,
          "attributes": {
            "bucket": "istory-deploy-bucket-537124981278",
            "expected_bucket_owner": "",
            "id": "istory-deploy-bucket-537124981278",
            "mfa": null,
            "versioning_configuration": [
              {
                "mfa_delete": "",
                "status": "Enabled"
              }
            ]
          },
          "sensitive_attributes": [],
          "private": "bnVsbA==",
          "dependencies": [
            "aws_s3_bucket.istory-deploy-bucket",
            "data.aws_caller_identity.current"
          ]
        }
      ]
    },
    {
      "mode": "managed",
      "type": "aws_security_group",
      "name": "istory_nginx_sg",
      "provider": "provider[\"registry.terraform.io/hashicorp/aws\"]",
      "instances": [
        {
          "schema_version": 1,
          "attributes": {
            "arn": "arn:aws:ec2:ap-northeast-2:537124981278:security-group/sg-001977cdb36652206",
            "description": "Managed by Terraform",
            "egress": [
              {
                "cidr_blocks": [
                  "0.0.0.0/0"
                ],
                "description": "",
                "from_port": 0,
                "ipv6_cidr_blocks": [],
                "prefix_list_ids": [],
                "protocol": "-1",
                "security_groups": [],
                "self": false,
                "to_port": 0
              }
            ],
            "id": "sg-001977cdb36652206",
            "ingress": [
              {
                "cidr_blocks": [
                  "0.0.0.0/0"
                ],
                "description": "Allow HTTP",
                "from_port": 8080,
                "ipv6_cidr_blocks": [],
                "prefix_list_ids": [],
                "protocol": "tcp",
                "security_groups": [],
                "self": false,
                "to_port": 8080
              },
              {
                "cidr_blocks": [
                  "0.0.0.0/0"
                ],
                "description": "Allow SSH",
                "from_port": 22,
                "ipv6_cidr_blocks": [],
                "prefix_list_ids": [],
                "protocol": "tcp",
                "security_groups": [],
                "self": false,
                "to_port": 22
              }
            ],
            "name": "istory nginx sg20250322054619243700000004",
            "name_prefix": "istory nginx sg",
            "owner_id": "537124981278",
            "revoke_rules_on_delete": false,
            "tags": null,
            "tags_all": {},
            "timeouts": null,
            "vpc_id": "vpc-0a77351137e415b35"
          },
          "sensitive_attributes": [],
          "private": "eyJlMmJmYjczMC1lY2FhLTExZTYtOGY4OC0zNDM2M2JjN2M0YzAiOnsiY3JlYXRlIjo2MDAwMDAwMDAwMDAsImRlbGV0ZSI6OTAwMDAwMDAwMDAwfSwic2NoZW1hX3ZlcnNpb24iOiIxIn0=",
          "dependencies": [
            "aws_vpc.dangtong-vpc"
          ]
        }
      ]
    },
    {
      "mode": "managed",
      "type": "aws_security_group",
      "name": "istory_rds_sg",
      "provider": "provider[\"registry.terraform.io/hashicorp/aws\"]",
      "instances": [
        {
          "schema_version": 1,
          "attributes": {
            "arn": "arn:aws:ec2:ap-northeast-2:537124981278:security-group/sg-08b8cf4bf2e3b6a1c",
            "description": "Managed by Terraform",
            "egress": [
              {
                "cidr_blocks": [
                  "0.0.0.0/0"
                ],
                "description": "",
                "from_port": 0,
                "ipv6_cidr_blocks": [],
                "prefix_list_ids": [],
                "protocol": "-1",
                "security_groups": [],
                "self": false,
                "to_port": 0
              }
            ],
            "id": "sg-08b8cf4bf2e3b6a1c",
            "ingress": [
              {
                "cidr_blocks": [],
                "description": "Allow MySQL from EC2",
                "from_port": 3306,
                "ipv6_cidr_blocks": [],
                "prefix_list_ids": [],
                "protocol": "tcp",
                "security_groups": [
                  "sg-001977cdb36652206"
                ],
                "self": false,
                "to_port": 3306
              }
            ],
            "name": "istory rds sg20250322054621621100000006",
            "name_prefix": "istory rds sg",
            "owner_id": "537124981278",
            "revoke_rules_on_delete": false,
            "tags": {
              "Name": "istory-rds-sg"
            },
            "tags_all": {
              "Name": "istory-rds-sg"
            },
            "timeouts": null,
            "vpc_id": "vpc-0a77351137e415b35"
          },
          "sensitive_attributes": [],
          "private": "eyJlMmJmYjczMC1lY2FhLTExZTYtOGY4OC0zNDM2M2JjN2M0YzAiOnsiY3JlYXRlIjo2MDAwMDAwMDAwMDAsImRlbGV0ZSI6OTAwMDAwMDAwMDAwfSwic2NoZW1hX3ZlcnNpb24iOiIxIn0=",
          "dependencies": [
            "aws_security_group.istory_nginx_sg",
            "aws_vpc.dangtong-vpc"
          ]
        }
      ]
    },
    {
      "mode": "managed",
      "type": "aws_subnet",
      "name": "dangtong-vpc-public-subnet",
      "provider": "provider[\"registry.terraform.io/hashicorp/aws\"]",
      "instances": [
        {
          "index_key": "a",
          "schema_version": 1,
          "attributes": {
            "arn": "arn:aws:ec2:ap-northeast-2:537124981278:subnet/subnet-00bea0078dd0dc35c",
            "assign_ipv6_address_on_creation": false,
            "availability_zone": "ap-northeast-2a",
            "availability_zone_id": "apne2-az1",
            "cidr_block": "10.0.1.0/24",
            "customer_owned_ipv4_pool": "",
            "enable_dns64": false,
            "enable_lni_at_device_index": 0,
            "enable_resource_name_dns_a_record_on_launch": false,
            "enable_resource_name_dns_aaaa_record_on_launch": false,
            "id": "subnet-00bea0078dd0dc35c",
            "ipv6_cidr_block": "",
            "ipv6_cidr_block_association_id": "",
            "ipv6_native": false,
            "map_customer_owned_ip_on_launch": false,
            "map_public_ip_on_launch": true,
            "outpost_arn": "",
            "owner_id": "537124981278",
            "private_dns_hostname_type_on_launch": "ip-name",
            "tags": {
              "Name": "dangtong-vpc-public-subnet-a"
            },
            "tags_all": {
              "Name": "dangtong-vpc-public-subnet-a"
            },
            "timeouts": null,
            "vpc_id": "vpc-0a77351137e415b35"
          },
          "sensitive_attributes": [],
          "private": "eyJlMmJmYjczMC1lY2FhLTExZTYtOGY4OC0zNDM2M2JjN2M0YzAiOnsiY3JlYXRlIjo2MDAwMDAwMDAwMDAsImRlbGV0ZSI6MTIwMDAwMDAwMDAwMH0sInNjaGVtYV92ZXJzaW9uIjoiMSJ9",
          "dependencies": [
            "aws_vpc.dangtong-vpc"
          ]
        },
        {
          "index_key": "b",
          "schema_version": 1,
          "attributes": {
            "arn": "arn:aws:ec2:ap-northeast-2:537124981278:subnet/subnet-03eef200827f5e6f0",
            "assign_ipv6_address_on_creation": false,
            "availability_zone": "ap-northeast-2b",
            "availability_zone_id": "apne2-az2",
            "cidr_block": "10.0.2.0/24",
            "customer_owned_ipv4_pool": "",
            "enable_dns64": false,
            "enable_lni_at_device_index": 0,
            "enable_resource_name_dns_a_record_on_launch": false,
            "enable_resource_name_dns_aaaa_record_on_launch": false,
            "id": "subnet-03eef200827f5e6f0",
            "ipv6_cidr_block": "",
            "ipv6_cidr_block_association_id": "",
            "ipv6_native": false,
            "map_customer_owned_ip_on_launch": false,
            "map_public_ip_on_launch": true,
            "outpost_arn": "",
            "owner_id": "537124981278",
            "private_dns_hostname_type_on_launch": "ip-name",
            "tags": {
              "Name": "dangtong-vpc-public-subnet-b"
            },
            "tags_all": {
              "Name": "dangtong-vpc-public-subnet-b"
            },
            "timeouts": null,
            "vpc_id": "vpc-0a77351137e415b35"
          },
          "sensitive_attributes": [],
          "private": "eyJlMmJmYjczMC1lY2FhLTExZTYtOGY4OC0zNDM2M2JjN2M0YzAiOnsiY3JlYXRlIjo2MDAwMDAwMDAwMDAsImRlbGV0ZSI6MTIwMDAwMDAwMDAwMH0sInNjaGVtYV92ZXJzaW9uIjoiMSJ9",
          "dependencies": [
            "aws_vpc.dangtong-vpc"
          ]
        },
        {
          "index_key": "c",
          "schema_version": 1,
          "attributes": {
            "arn": "arn:aws:ec2:ap-northeast-2:537124981278:subnet/subnet-01f98cb46b642618a",
            "assign_ipv6_address_on_creation": false,
            "availability_zone": "ap-northeast-2c",
            "availability_zone_id": "apne2-az3",
            "cidr_block": "10.0.3.0/24",
            "customer_owned_ipv4_pool": "",
            "enable_dns64": false,
            "enable_lni_at_device_index": 0,
            "enable_resource_name_dns_a_record_on_launch": false,
            "enable_resource_name_dns_aaaa_record_on_launch": false,
            "id": "subnet-01f98cb46b642618a",
            "ipv6_cidr_block": "",
            "ipv6_cidr_block_association_id": "",
            "ipv6_native": false,
            "map_customer_owned_ip_on_launch": false,
            "map_public_ip_on_launch": true,
            "outpost_arn": "",
            "owner_id": "537124981278",
            "private_dns_hostname_type_on_launch": "ip-name",
            "tags": {
              "Name": "dangtong-vpc-public-subnet-c"
            },
            "tags_all": {
              "Name": "dangtong-vpc-public-subnet-c"
            },
            "timeouts": null,
            "vpc_id": "vpc-0a77351137e415b35"
          },
          "sensitive_attributes": [],
          "private": "eyJlMmJmYjczMC1lY2FhLTExZTYtOGY4OC0zNDM2M2JjN2M0YzAiOnsiY3JlYXRlIjo2MDAwMDAwMDAwMDAsImRlbGV0ZSI6MTIwMDAwMDAwMDAwMH0sInNjaGVtYV92ZXJzaW9uIjoiMSJ9",
          "dependencies": [
            "aws_vpc.dangtong-vpc"
          ]
        },
        {
          "index_key": "d",
          "schema_version": 1,
          "attributes": {
            "arn": "arn:aws:ec2:ap-northeast-2:537124981278:subnet/subnet-0837050890b23b67a",
            "assign_ipv6_address_on_creation": false,
            "availability_zone": "ap-northeast-2d",
            "availability_zone_id": "apne2-az4",
            "cidr_block": "10.0.4.0/24",
            "customer_owned_ipv4_pool": "",
            "enable_dns64": false,
            "enable_lni_at_device_index": 0,
            "enable_resource_name_dns_a_record_on_launch": false,
            "enable_resource_name_dns_aaaa_record_on_launch": false,
            "id": "subnet-0837050890b23b67a",
            "ipv6_cidr_block": "",
            "ipv6_cidr_block_association_id": "",
            "ipv6_native": false,
            "map_customer_owned_ip_on_launch": false,
            "map_public_ip_on_launch": true,
            "outpost_arn": "",
            "owner_id": "537124981278",
            "private_dns_hostname_type_on_launch": "ip-name",
            "tags": {
              "Name": "dangtong-vpc-public-subnet-d"
            },
            "tags_all": {
              "Name": "dangtong-vpc-public-subnet-d"
            },
            "timeouts": null,
            "vpc_id": "vpc-0a77351137e415b35"
          },
          "sensitive_attributes": [],
          "private": "eyJlMmJmYjczMC1lY2FhLTExZTYtOGY4OC0zNDM2M2JjN2M0YzAiOnsiY3JlYXRlIjo2MDAwMDAwMDAwMDAsImRlbGV0ZSI6MTIwMDAwMDAwMDAwMH0sInNjaGVtYV92ZXJzaW9uIjoiMSJ9",
          "dependencies": [
            "aws_vpc.dangtong-vpc"
          ]
        }
      ]
    },
    {
      "mode": "managed",
      "type": "aws_vpc",
      "name": "dangtong-vpc",
      "provider": "provider[\"registry.terraform.io/hashicorp/aws\"]",
      "instances": [
        {
          "schema_version": 1,
          "attributes": {
            "arn": "arn:aws:ec2:ap-northeast-2:537124981278:vpc/vpc-0a77351137e415b35",
            "assign_generated_ipv6_cidr_block": false,
            "cidr_block": "10.0.0.0/16",
            "default_network_acl_id": "acl-0003a4b6ce3007ffe",
            "default_route_table_id": "rtb-0943cdf0c62478fe8",
            "default_security_group_id": "sg-027ee35aa7e7865a1",
            "dhcp_options_id": "dopt-0e588fd62270d0922",
            "enable_dns_hostnames": true,
            "enable_dns_support": true,
            "enable_network_address_usage_metrics": false,
            "id": "vpc-0a77351137e415b35",
            "instance_tenancy": "default",
            "ipv4_ipam_pool_id": null,
            "ipv4_netmask_length": null,
            "ipv6_association_id": "",
            "ipv6_cidr_block": "",
            "ipv6_cidr_block_network_border_group": "",
            "ipv6_ipam_pool_id": "",
            "ipv6_netmask_length": 0,
            "main_route_table_id": "rtb-0943cdf0c62478fe8",
            "owner_id": "537124981278",
            "tags": {
              "Name": "dangtong-vpc"
            },
            "tags_all": {
              "Name": "dangtong-vpc"
            }
          },
          "sensitive_attributes": [],
          "private": "eyJzY2hlbWFfdmVyc2lvbiI6IjEifQ=="
        }
      ]
    },
    {
      "mode": "managed",
      "type": "tls_private_key",
      "name": "ec2_private_key",
      "provider": "provider[\"registry.terraform.io/hashicorp/tls\"]",
      "instances": [
        {
          "schema_version": 1,
          "attributes": {
            "algorithm": "RSA",
            "ecdsa_curve": "P224",
            "id": "3369c2fe8a7f1d6217629da67c23117bf58d20d5",
            "private_key_openssh": "-----BEGIN OPENSSH PRIVATE KEY-----\nb3BlbnNzaC1rZXktdjEAAAAABG5vbmUAAAAEbm9uZQAAAAAAAAABAAABFwAAAAdz\nc2gtcnNhAAAAAwEAAQAAAQEApTCZlAibp9qc7I5iN6AhYTohA6hY3Bbwg2QAh83o\n6N55qgvwntEBFh7ROnarA//OFjXOPTp+B8WtetFRgXUCgRp7elQpaMRmpZVw4Mbb\nRBfUnNunfMZUKme1xJ/MS/rCBQExGzmntj70D7Q2MVUqAoiu6vGfPnVUGN1sppVM\nFIUJT1MggfqkyzkIiQnA0NC6i/+/AmebcEeBW7z1W0hkGdhPJBH+kB8Rnxu81ctH\nKb9JCWyGnaf8w1c6XnnVX4V73NCyVCFHx/z96iEbzdBQ9pm0IR3nSGYdcJF6snZY\npV8pYRU0DXzaWI4CWM4dz6z+yVWLOgV/xPA5iGXB1eluqQAAA7iZ3JDGmdyQxgAA\nAAdzc2gtcnNhAAABAQClMJmUCJun2pzsjmI3oCFhOiEDqFjcFvCDZACHzejo3nmq\nC/Ce0QEWHtE6dqsD/84WNc49On4Hxa160VGBdQKBGnt6VCloxGallXDgxttEF9Sc\n26d8xlQqZ7XEn8xL+sIFATEbOae2PvQPtDYxVSoCiK7q8Z8+dVQY3WymlUwUhQlP\nUyCB+qTLOQiJCcDQ0LqL/78CZ5twR4FbvPVbSGQZ2E8kEf6QHxGfG7zVy0cpv0kJ\nbIadp/zDVzpeedVfhXvc0LJUIUfH/P3qIRvN0FD2mbQhHedIZh1wkXqydlilXylh\nFTQNfNpYjgJYzh3PrP7JVYs6BX/E8DmIZcHV6W6pAAAAAwEAAQAAAQEAk39/wlSl\nWA21zOud+3k6FOyoifGJ1ouNGmTyrFBJxZTRIesjYUvSIoRF4mQPc7S3udE1ZCqU\nWjBCJMY+ds+Z+tlApAv+JZQo63UyoyIsqvJ0X9MqDBmzEWIlRXpCGx2+nGViCaND\ng1FW76bENOyMZFLTjOlOfaCaBNHBsETi9/YbAHQoJwu8X16Bk3dJWYthS8LjRLUQ\narFYZ48RaqXgub+gCi9EjPggnZtbImSig+SAjEA3ezV88iu+myHe4d0qJFCB4hQ0\n31OwdShnSVynIqzzrIuRsi7vnurQTvqIysc4QDAV8+wEMVhqei7Mp6LSusKj7fFp\nEQQMe2Q59DgBAQAAAIEAg/x/4YntzBiyZI/0BKf3ejLN/Ar+5n+0GL6VRQ1W6m9z\nBQG8z2MWlm4WeM2qOsDU5DGzryf2wRJt6cmfwa0uTAyLmNmcXqGnKpxQXTa6siID\nv+bHgWhIn0ZnPkhYO+8UsjlNMdZmL4846/WA1h/TijWAZCud9PLyeR0gQdnXahYA\nAACBAMqwF6FEUHSrHf5KOKhmaWuA09VZJr39CyXOeNyENkXLPPdawCgt9NkY9FXB\nzO87jAmTeSfLRRHG+Hcne+HmkYt/q4cRhCVGPvAxRZAnIkvn7EC4YNUsNmBKdpr3\nmyoZJz+kyxLwxl1H0ylIQF1ZlBJJ7qO2dOTnUfO4AnCLNywRAAAAgQDQo5fjdeOj\nrukD625IyaWVaRHcc4WGmHB/4CSe+qYrpJGNn2C8CbAE5QzurZdOWPcX8ejR2nC9\nyaWIjgDNplhEzpitpFGG1HmFKDVAame1ALsFCX7Tfc0f7kOdYAHLTAqK650kucP4\njsxHD2AuV/vq9adJ2unYSPFcEPknlwkRGQAAAAAB\n-----END OPENSSH PRIVATE KEY-----\n",
            "private_key_pem": "-----BEGIN RSA PRIVATE KEY-----\nMIIEpQIBAAKCAQEApTCZlAibp9qc7I5iN6AhYTohA6hY3Bbwg2QAh83o6N55qgvw\nntEBFh7ROnarA//OFjXOPTp+B8WtetFRgXUCgRp7elQpaMRmpZVw4MbbRBfUnNun\nfMZUKme1xJ/MS/rCBQExGzmntj70D7Q2MVUqAoiu6vGfPnVUGN1sppVMFIUJT1Mg\ngfqkyzkIiQnA0NC6i/+/AmebcEeBW7z1W0hkGdhPJBH+kB8Rnxu81ctHKb9JCWyG\nnaf8w1c6XnnVX4V73NCyVCFHx/z96iEbzdBQ9pm0IR3nSGYdcJF6snZYpV8pYRU0\nDXzaWI4CWM4dz6z+yVWLOgV/xPA5iGXB1eluqQIDAQABAoIBAQCTf3/CVKVYDbXM\n6537eToU7KiJ8YnWi40aZPKsUEnFlNEh6yNhS9IihEXiZA9ztLe50TVkKpRaMEIk\nxj52z5n62UCkC/4llCjrdTKjIiyq8nRf0yoMGbMRYiVFekIbHb6cZWIJo0ODUVbv\npsQ07IxkUtOM6U59oJoE0cGwROL39hsAdCgnC7xfXoGTd0lZi2FLwuNEtRBqsVhn\njxFqpeC5v6AKL0SM+CCdm1siZKKD5ICMQDd7NXzyK76bId7h3SokUIHiFDTfU7B1\nKGdJXKcirPOsi5GyLu+e6tBO+ojKxzhAMBXz7AQxWGp6LsynotK6wqPt8WkRBAx7\nZDn0OAEBAoGBAMqwF6FEUHSrHf5KOKhmaWuA09VZJr39CyXOeNyENkXLPPdawCgt\n9NkY9FXBzO87jAmTeSfLRRHG+Hcne+HmkYt/q4cRhCVGPvAxRZAnIkvn7EC4YNUs\nNmBKdpr3myoZJz+kyxLwxl1H0ylIQF1ZlBJJ7qO2dOTnUfO4AnCLNywRAoGBANCj\nl+N146Ou6QPrbkjJpZVpEdxzhYaYcH/gJJ76piukkY2fYLwJsATlDO6tl05Y9xfx\n6NHacL3JpYiOAM2mWETOmK2kUYbUeYUoNUBqZ7UAuwUJftN9zR/uQ51gActMCorr\nnSS5w/iOzEcPYC5X++r1p0na6dhI8VwQ+SeXCREZAoGAEEbp7uJ8j5H6W6R8PlHT\nH3X+DQEW0mUS0xtsq1DWxu4WXErmaZOfORv+6zAgFAo1KcO1FBQH3PCcnX0HPtH0\nWD6NeNBYS2IDxeg/DN+Hqo7acywbYqMlTsBMHA/MXyob88l5IXFCjNUqyQLrYFPE\nR1+2kWEirAtDko3xbDZR3PECgYEA0BaZ4s8tn49P8AzcDdSwRXhpzAmb30Yizidr\n3vP20Ahu82VGQcUXvYoFf/e6tPWeXE91+fd4ApIfezbGLlX+K4IyXN1KQsOf/+K+\nWeTGUozL+pYh3CXYdERbQ5cBsxXAXhXowTxV7I3fx+/Z6d7u7sTbeJnSKVl3AHAd\nUBMfg+ECgYEAg/x/4YntzBiyZI/0BKf3ejLN/Ar+5n+0GL6VRQ1W6m9zBQG8z2MW\nlm4WeM2qOsDU5DGzryf2wRJt6cmfwa0uTAyLmNmcXqGnKpxQXTa6siIDv+bHgWhI\nn0ZnPkhYO+8UsjlNMdZmL4846/WA1h/TijWAZCud9PLyeR0gQdnXahY=\n-----END RSA PRIVATE KEY-----\n",
            "private_key_pem_pkcs8": "-----BEGIN PRIVATE KEY-----\nMIIEvwIBADANBgkqhkiG9w0BAQEFAASCBKkwggSlAgEAAoIBAQClMJmUCJun2pzs\njmI3oCFhOiEDqFjcFvCDZACHzejo3nmqC/Ce0QEWHtE6dqsD/84WNc49On4Hxa16\n0VGBdQKBGnt6VCloxGallXDgxttEF9Sc26d8xlQqZ7XEn8xL+sIFATEbOae2PvQP\ntDYxVSoCiK7q8Z8+dVQY3WymlUwUhQlPUyCB+qTLOQiJCcDQ0LqL/78CZ5twR4Fb\nvPVbSGQZ2E8kEf6QHxGfG7zVy0cpv0kJbIadp/zDVzpeedVfhXvc0LJUIUfH/P3q\nIRvN0FD2mbQhHedIZh1wkXqydlilXylhFTQNfNpYjgJYzh3PrP7JVYs6BX/E8DmI\nZcHV6W6pAgMBAAECggEBAJN/f8JUpVgNtczrnft5OhTsqInxidaLjRpk8qxQScWU\n0SHrI2FL0iKEReJkD3O0t7nRNWQqlFowQiTGPnbPmfrZQKQL/iWUKOt1MqMiLKry\ndF/TKgwZsxFiJUV6QhsdvpxlYgmjQ4NRVu+mxDTsjGRS04zpTn2gmgTRwbBE4vf2\nGwB0KCcLvF9egZN3SVmLYUvC40S1EGqxWGePEWql4Lm/oAovRIz4IJ2bWyJkooPk\ngIxAN3s1fPIrvpsh3uHdKiRQgeIUNN9TsHUoZ0lcpyKs86yLkbIu757q0E76iMrH\nOEAwFfPsBDFYanouzKei0rrCo+3xaREEDHtkOfQ4AQECgYEAyrAXoURQdKsd/ko4\nqGZpa4DT1Vkmvf0LJc543IQ2Rcs891rAKC302Rj0VcHM7zuMCZN5J8tFEcb4dyd7\n4eaRi3+rhxGEJUY+8DFFkCciS+fsQLhg1Sw2YEp2mvebKhknP6TLEvDGXUfTKUhA\nXVmUEknuo7Z05OdR87gCcIs3LBECgYEA0KOX43Xjo67pA+tuSMmllWkR3HOFhphw\nf+AknvqmK6SRjZ9gvAmwBOUM7q2XTlj3F/Ho0dpwvcmliI4AzaZYRM6YraRRhtR5\nhSg1QGpntQC7BQl+033NH+5DnWABy0wKiuudJLnD+I7MRw9gLlf76vWnSdrp2Ejx\nXBD5J5cJERkCgYAQRunu4nyPkfpbpHw+UdMfdf4NARbSZRLTG2yrUNbG7hZcSuZp\nk585G/7rMCAUCjUpw7UUFAfc8JydfQc+0fRYPo140FhLYgPF6D8M34eqjtpzLBti\noyVOwEwcD8xfKhvzyXkhcUKM1SrJAutgU8RHX7aRYSKsC0OSjfFsNlHc8QKBgQDQ\nFpnizy2fj0/wDNwN1LBFeGnMCZvfRiLOJ2ve8/bQCG7zZUZBxRe9igV/97q09Z5c\nT3X593gCkh97NsYuVf4rgjJc3UpCw5//4r5Z5MZSjMv6liHcJdh0RFtDlwGzFcBe\nFejBPFXsjd/H79np3u7uxNt4mdIpWXcAcB1QEx+D4QKBgQCD/H/hie3MGLJkj/QE\np/d6Ms38Cv7mf7QYvpVFDVbqb3MFAbzPYxaWbhZ4zao6wNTkMbOvJ/bBEm3pyZ/B\nrS5MDIuY2ZxeoacqnFBdNrqyIgO/5seBaEifRmc+SFg77xSyOU0x1mYvjzjr9YDW\nH9OKNYBkK5308vJ5HSBB2ddqFg==\n-----END PRIVATE KEY-----\n",
            "public_key_fingerprint_md5": "76:d0:cd:d0:0f:ef:8d:0d:1b:8c:d9:0e:2f:0c:6c:6b",
            "public_key_fingerprint_sha256": "SHA256:mfofwMUquPXoxFMalP2C+hvxIN84rXhAVRahrNiGxAg",
            "public_key_openssh": "ssh-rsa AAAAB3NzaC1yc2EAAAADAQABAAABAQClMJmUCJun2pzsjmI3oCFhOiEDqFjcFvCDZACHzejo3nmqC/Ce0QEWHtE6dqsD/84WNc49On4Hxa160VGBdQKBGnt6VCloxGallXDgxttEF9Sc26d8xlQqZ7XEn8xL+sIFATEbOae2PvQPtDYxVSoCiK7q8Z8+dVQY3WymlUwUhQlPUyCB+qTLOQiJCcDQ0LqL/78CZ5twR4FbvPVbSGQZ2E8kEf6QHxGfG7zVy0cpv0kJbIadp/zDVzpeedVfhXvc0LJUIUfH/P3qIRvN0FD2mbQhHedIZh1wkXqydlilXylhFTQNfNpYjgJYzh3PrP7JVYs6BX/E8DmIZcHV6W6p\n",
            "public_key_pem": "-----BEGIN PUBLIC KEY-----\nMIIBIjANBgkqhkiG9w0BAQEFAAOCAQ8AMIIBCgKCAQEApTCZlAibp9qc7I5iN6Ah\nYTohA6hY3Bbwg2QAh83o6N55qgvwntEBFh7ROnarA//OFjXOPTp+B8WtetFRgXUC\ngRp7elQpaMRmpZVw4MbbRBfUnNunfMZUKme1xJ/MS/rCBQExGzmntj70D7Q2MVUq\nAoiu6vGfPnVUGN1sppVMFIUJT1MggfqkyzkIiQnA0NC6i/+/AmebcEeBW7z1W0hk\nGdhPJBH+kB8Rnxu81ctHKb9JCWyGnaf8w1c6XnnVX4V73NCyVCFHx/z96iEbzdBQ\n9pm0IR3nSGYdcJF6snZYpV8pYRU0DXzaWI4CWM4dz6z+yVWLOgV/xPA5iGXB1elu\nqQIDAQAB\n-----END PUBLIC KEY-----\n",
            "rsa_bits": 2048
          },
          "sensitive_attributes": [
            [
              {
                "type": "get_attr",
                "value": "private_key_pem_pkcs8"
              }
            ],
            [
              {
                "type": "get_attr",
                "value": "private_key_openssh"
              }
            ],
            [
              {
                "type": "get_attr",
                "value": "private_key_pem"
              }
            ]
          ]
        }
      ]
    }
  ],
  "check_results": null
}
